
Microsoft Visual Studio Solution File, Format Version 12.00
# Visual Studio Version 17
VisualStudioVersion = 17.8.34330.188
MinimumVisualStudioVersion = 10.0.40219.1
Project("{FAE04EC0-301F-11D3-BF4B-00C04F79EFBC}") = "Labb 4 felsökning", "Labb 4 felsökning.csproj", "{8809654E-32FB-4B5B-9424-BCC47A0DA1EB}"
EndProject
Global
	GlobalSection(SolutionConfigurationPlatforms) = preSolution
		Debug|Any CPU = Debug|Any CPU
		Release|Any CPU = Release|Any CPU
	EndGlobalSection
	GlobalSection(ProjectConfigurationPlatforms) = postSolution
		{8809654E-32FB-4B5B-9424-BCC47A0DA1EB}.Debug|Any CPU.ActiveCfg = Debug|Any CPU
		{8809654E-32FB-4B5B-9424-BCC47A0DA1EB}.Debug|Any CPU.Build.0 = Debug|Any CPU
		{8809654E-32FB-4B5B-9424-BCC47A0DA1EB}.Release|Any CPU.ActiveCfg = Release|Any CPU
		{8809654E-32FB-4B5B-9424-BCC47A0DA1EB}.Release|Any CPU.Build.0 = Release|Any CPU
	EndGlobalSection
	GlobalSection(SolutionProperties) = preSolution
		HideSolutionNode = FALSE
	EndGlobalSection
	GlobalSection(ExtensibilityGlobals) = postSolution
		SolutionGuid = {48A3E1F2-3A73-47AB-B943-1B4BDC348DFC}
	EndGlobalSection
EndGlobal
